// !$*UTF8*$!
{
	archiveVersion = 1;
	classes = {
	};
	objectVersion = 46;
	objects = {

/* Begin PBXBuildFile section */
		F54147411ED285E500F67B26 /* main.m in Sources */ = {isa = PBXBuildFile; fileRef = F54147401ED285E500F67B26 /* main.m */; };
		F54147441ED285E500F67B26 /* AppDelegate.m in Sources */ = {isa = PBXBuildFile; fileRef = F54147431ED285E500F67B26 /* AppDelegate.m */; };
		F54147471ED285E500F67B26 /* ViewController.m in Sources */ = {isa = PBXBuildFile; fileRef = F54147461ED285E500F67B26 /* ViewController.m */; };
		F541474A1ED285E500F67B26 /* Main.storyboard in Resources */ = {isa = PBXBuildFile; fileRef = F54147481ED285E500F67B26 /* Main.storyboard */; };
		F541474C1ED285E500F67B26 /* Assets.xcassets in Resources */ = {isa = PBXBuildFile; fileRef = F541474B1ED285E500F67B26 /* Assets.xcassets */; };
		F541474F1ED285E500F67B26 /* LaunchScreen.storyboard in Resources */ = {isa = PBXBuildFile; fileRef = F541474D1ED285E500F67B26 /* LaunchScreen.storyboard */; };
/* End PBXBuildFile section */

/* Begin PBXFileReference section */
		F541473C1ED285E500F67B26 /* Wrench.app */ = {isa = PBXFileReference; explicitFileType = wrapper.application; includeInIndex = 0; path = Wrench.app; sourceTree = BUILT_PRODUCTS_DIR; };
		F54147401ED285E500F67B26 /* main.m */ = {isa = PBXFileReference; lastKnownFileType = sourcecode.c.objc; path = main.m; sourceTree = "<group>"; };
		F54147421ED285E500F67B26 /* AppDelegate.h */ = {isa = PBXFileReference; lastKnownFileType = sourcecode.c.h; path = AppDelegate.h; sourceTree = "<group>"; };
		F54147431ED285E500F67B26 /* AppDelegate.m */ = {isa = PBXFileReference; lastKnownFileType = sourcecode.c.objc; path = AppDelegate.m; sourceTree = "<group>"; };
		F54147451ED285E500F67B26 /* ViewController.h */ = {isa = PBXFileReference; lastKnownFileType = sourcecode.c.h; path = ViewController.h; sourceTree = "<group>"; };
		F54147461ED285E500F67B26 /* ViewController.m */ = {isa = PBXFileReference; lastKnownFileType = sourcecode.c.objc; path = ViewController.m; sourceTree = "<group>"; };
		F54147491ED285E500F67B26 /* Base */ = {isa = PBXFileReference; lastKnownFileType = file.storyboard; name = Base; path = Base.lproj/Main.storyboard; sourceTree = "<group>"; };
		F541474B1ED285E500F67B26 /* Assets.xcassets */ = {isa = PBXFileReference; lastKnownFileType = folder.assetcatalog; path = Assets.xcassets; sourceTree = "<group>"; };
		F541474E1ED285E500F67B26 /* Base */ = {isa = PBXFileReference; lastKnownFileType = file.storyboard; name = Base; path = Base.lproj/LaunchScreen.storyboard; sourceTree = "<group>"; };
		F54147501ED285E500F67B26 /* Info.plist */ = {isa = PBXFileReference; lastKnownFileType = text.plist.xml; path = Info.plist; sourceTree = "<group>"; };
/* End PBXFileReference section */

/* Begin PBXFrameworksBuildPhase section */
		F54147391ED285E500F67B26 /* Frameworks */ = {
			isa = PBXFrameworksBuildPhase;
			buildActionMask = 2147483647;
			files = (
			);
			runOnlyForDeploymentPostprocessing = 0;
		};
/* End PBXFrameworksBuildPhase section */

/* Begin PBXGroup section */
		F54147331ED285E500F67B26 = {
			isa = PBXGroup;
			children = (
				F541473E1ED285E500F67B26 /* Wrench */,
				F541473D1ED285E500F67B26 /* Products */,
			);
			sourceTree = "<group>";
		};
		F541473D1ED285E500F67B26 /* Products */ = {
			isa = PBXGroup;
			children = (
				F541473C1ED285E500F67B26 /* Wrench.app */,
			);
			name = Products;
			sourceTree = "<group>";
		};
		F541473E1ED285E500F67B26 /* Wrench */ = {
			isa = PBXGroup;
			children = (
				F54147421ED285E500F67B26 /* AppDelegate.h */,
				F54147431ED285E500F67B26 /* AppDelegate.m */,
				F54147451ED285E500F67B26 /* ViewController.h */,
				F54147461ED285E500F67B26 /* ViewController.m */,
				F54147481ED285E500F67B26 /* Main.storyboard */,
				F541474B1ED285E500F67B26 /* Assets.xcassets */,
				F541474D1ED285E500F67B26 /* LaunchScreen.storyboard */,
				F54147501ED285E500F67B26 /* Info.plist */,
				F541473F1ED285E500F67B26 /* Supporting Files */,
			);
			path = Wrench;
			sourceTree = "<group>";
		};
		F541473F1ED285E500F67B26 /* Supporting Files */ = {
			isa = PBXGroup;
			children = (
				F54147401ED285E500F67B26 /* main.m */,
			);
			name = "Supporting Files";
			sourceTree = "<group>";
		};
/* End PBXGroup section */

/* Begin PBXNativeTarget section */
		F541473B1ED285E500F67B26 /* Wrench */ = {
			isa = PBXNativeTarget;
			buildConfigurationList = F54147531ED285E500F67B26 /* Build configuration list for PBXNativeTarget "Wrench" */;
			buildPhases = (
				F54147381ED285E500F67B26 /* Sources */,
				F54147391ED285E500F67B26 /* Frameworks */,
				F541473A1ED285E500F67B26 /* Resources */,
			);
			buildRules = (
			);
			dependencies = (
			);
			name = Wrench;
			productName = Wrench;
			productReference = F541473C1ED285E500F67B26 /* Wrench.app */;
			productType = "com.apple.product-type.application";
		};
/* End PBXNativeTarget section */

/* Begin PBXProject section */
		F54147341ED285E500F67B26 /* Project object */ = {
			isa = PBXProject;
			attributes = {
				LastUpgradeCheck = 0830;
				ORGANIZATIONNAME = dong;
				TargetAttributes = {
					F541473B1ED285E500F67B26 = {
						CreatedOnToolsVersion = 8.3.2;
						ProvisioningStyle = Automatic;
					};
				};
			};
			buildConfigurationList = F54147371ED285E500F67B26 /* Build configuration list for PBXProject "Wrench" */;
			compatibilityVersion = "Xcode 3.2";
			developmentRegion = English;
			hasScannedForEncodings = 0;
			knownRegions = (
				en,
				Base,
			);
			mainGroup = F54147331ED285E500F67B26;
			productRefGroup = F541473D1ED285E500F67B26 /* Products */;
			projectDirPath = "";
			projectRoot = "";
			targets = (
				F541473B1ED285E500F67B26 /* Wrench */,
			);
		};
/* End PBXProject section */

/* Begin PBXResourcesBuildPhase section */
		F541473A1ED285E500F67B26 /* Resources */ = {
			isa = PBXResourcesBuildPhase;
			buildActionMask = 2147483647;
			files = (
				F541474F1ED285E500F67B26 /* LaunchScreen.storyboard in Resources */,
				F541474C1ED285E500F67B26 /* Assets.xcassets in Resources */,
				F541474A1ED285E500F67B26 /* Main.storyboard in Resources */,
			);
			runOnlyForDeploymentPostprocessing = 0;
		};
/* End PBXResourcesBuildPhase section */

/* Begin PBXSourcesBuildPhase section */
		F54147381ED285E500F67B26 /* Sources */ = {
			isa = PBXSourcesBuildPhase;
			buildActionMask = 2147483647;
			files = (
				F54147471ED285E500F67B26 /* ViewController.m in Sources */,
				F54147441ED285E500F67B26 /* AppDelegate.m in Sources */,
				F54147411ED285E500F67B26 /* main.m in Sources */,
			);
			runOnlyForDeploymentPostprocessing = 0;
		};
/* End PBXSourcesBuildPhase section */

/* Begin PBXVariantGroup section */
		F54147481ED285E500F67B26 /* Main.storyboard */ = {
			isa = PBXVariantGroup;
			children = (
				F54147491ED285E500F67B26 /* Base */,
			);
			name = Main.storyboard;
			sourceTree = "<group>";
		};
		F541474D1ED285E500F67B26 /* LaunchScreen.storyboard */ = {
			isa = PBXVariantGroup;
			children = (
				F541474E1ED285E500F67B26 /* Base */,
			);
			name = LaunchScreen.storyboard;
			sourceTree = "<group>";
		};
/* End PBXVariantGroup section */

/* Begin XCBuildConfiguration section */
		F54147511ED285E500F67B26 /* Debug */ = {
			isa = XCBuildConfiguration;
			buildSettings = {
				ALWAYS_SEARCH_USER_PATHS = NO;
				CLANG_ANALYZER_NONNULL = YES;
				CLANG_ANALYZER_NUMBER_OBJECT_CONVERSION = YES_AGGRESSIVE;
				CLANG_CXX_LANGUAGE_STANDARD = "gnu++0x";
				CLANG_CXX_LIBRARY = "libc++";
				CLANG_ENABLE_MODULES = YES;
				CLANG_ENABLE_OBJC_ARC = YES;
				CLANG_WARN_BOOL_CONVERSION = YES;
				CLANG_WARN_CONSTANT_CONVERSION = YES;
				CLANG_WARN_DIRECT_OBJC_ISA_USAGE = YES_ERROR;
				CLANG_WARN_DOCUMENTATION_COMMENTS = YES;
				CLANG_WARN_EMPTY_BODY = YES;
				CLANG_WARN_ENUM_CONVERSION = YES;
				CLANG_WARN_INFINITE_RECURSION = YES;
				CLANG_WARN_INT_CONVERSION = YES;
				CLANG_WARN_OBJC_ROOT_CLASS = YES_ERROR;
				CLANG_WARN_SUSPICIOUS_MOVE = YES;
				CLANG_WARN_UNREACHABLE_CODE = YES;
				CLANG_WARN__DUPLICATE_METHOD_MATCH = YES;
				"CODE_SIGN_IDENTITY[sdk=iphoneos*]" = "iPhone Developer";
				COPY_PHASE_STRIP = NO;
				DEBUG_INFORMATION_FORMAT = dwarf;
				ENABLE_STRICT_OBJC_MSGSEND = YES;
				ENABLE_TESTABILITY = YES;
				GCC_C_LANGUAGE_STANDARD = gnu99;
				GCC_DYNAMIC_NO_PIC = NO;
				GCC_NO_COMMON_BLOCKS = YES;
				GCC_OPTIMIZATION_LEVEL = 0;
				GCC_PREPROCESSOR_DEFINITIONS = (
					"DEBUG=1",
					"$(inherited)",
				);
				GCC_WARN_64_TO_32_BIT_CONVERSION = YES;
				GCC_WARN_ABOUT_RETURN_TYPE = YES_ERROR;
				GCC_WARN_UNDECLARED_SELECTOR = YES;
				GCC_WARN_UNINITIALIZED_AUTOS = YES_AGGRESSIVE;
				GCC_WARN_UNUSED_FUNCTION = YES;
				GCC_WARN_UNUSED_VARIABLE = YES;
				IPHONEOS_DEPLOYMENT_TARGET = 10.3;
				MTL_ENABLE_DEBUG_INFO = YES;
				ONLY_ACTIVE_ARCH = YES;
				SDKROOT = iphoneos;
				TARGETED_DEVICE_FAMILY = "1,2";
			};
			name = Debug;
		};
		F54147521ED285E500F67B26 /* Release */ = {
			isa = XCBuildConfiguration;
			buildSettings = {
				ALWAYS_SEARCH_USER_PATHS = NO;
				CLANG_ANALYZER_NONNULL = YES;
				CLANG_ANALYZER_NUMBER_OBJECT_CONVERSION = YES_AGGRESSIVE;
				CLANG_CXX_LANGUAGE_STANDARD = "gnu++0x";
				CLANG_CXX_LIBRARY = "libc++";
				CLANG_ENABLE_MODULES = YES;
				CLANG_ENABLE_OBJC_ARC = YES;
				CLANG_WARN_BOOL_CONVERSION = YES;
				CLANG_WARN_CONSTANT_CONVERSION = YES;
				CLANG_WARN_DIRECT_OBJC_ISA_USAGE = YES_ERROR;
				CLANG_WARN_DOCUMENTATION_COMMENTS = YES;
				CLANG_WARN_EMPTY_BODY = YES;
				CLANG_WARN_ENUM_CONVERSION = YES;
				CLANG_WARN_INFINITE_RECURSION = YES;
				CLANG_WARN_INT_CONVERSION = YES;
				CLANG_WARN_OBJC_ROOT_CLASS = YES_ERROR;
				CLANG_WARN_SUSPICIOUS_MOVE = YES;
				CLANG_WARN_UNREACHABLE_CODE = YES;
				CLANG_WARN__DUPLICATE_METHOD_MATCH = YES;
				"CODE_SIGN_IDENTITY[sdk=iphoneos*]" = "iPhone Developer";
				COPY_PHASE_STRIP = NO;
				DEBUG_INFORMATION_FORMAT = "dwarf-with-dsym";
				ENABLE_NS_ASSERTIONS = NO;
				ENABLE_STRICT_OBJC_MSGSEND = YES;
				GCC_C_LANGUAGE_STANDARD = gnu99;
				GCC_NO_COMMON_BLOCKS = YES;
				GCC_WARN_64_TO_32_BIT_CONVERSION = YES;
				GCC_WARN_ABOUT_RETURN_TYPE = YES_ERROR;
				GCC_WARN_UNDECLARED_SELECTOR = YES;
				GCC_WARN_UNINITIALIZED_AUTOS = YES_AGGRESSIVE;
				GCC_WARN_UNUSED_FUNCTION = YES;
				GCC_WARN_UNUSED_VARIABLE = YES;
				IPHONEOS_DEPLOYMENT_TARGET = 10.3;
				MTL_ENABLE_DEBUG_INFO = NO;
				SDKROOT = iphoneos;
				TARGETED_DEVICE_FAMILY = "1,2";
				VALIDATE_PRODUCT = YES;
			};
			name = Release;
		};
		F54147541ED285E500F67B26 /* Debug */ = {
			isa = XCBuildConfiguration;
			buildSettings = {
				ASSETCATALOG_COMPILER_APPICON_NAME = AppIcon;
				INFOPLIST_FILE = Wrench/Info.plist;
				LD_RUNPATH_SEARCH_PATHS = "$(inherited) @executable_path/Frameworks";
				PRODUCT_BUNDLE_IDENTIFIER = com.dong.Wrench;
				PRODUCT_NAME = "$(TARGET_NAME)";
			};
			name = Debug;
		};
		F54147551ED285E500F67B26 /* Release */ = {
			isa = XCBuildConfiguration;
			buildSettings = {
				ASSETCATALOG_COMPILER_APPICON_NAME = AppIcon;
				INFOPLIST_FILE = Wrench/Info.plist;
				LD_RUNPATH_SEARCH_PATHS = "$(inherited) @executable_path/Frameworks";
				PRODUCT_BUNDLE_IDENTIFIER = com.dong.Wrench;
				PRODUCT_NAME = "$(TARGET_NAME)";
			};
			name = Release;
		};
/* End XCBuildConfiguration section */

/* Begin XCConfigurationList section */
		F54147371ED285E500F67B26 /* Build configuration list for PBXProject "Wrench" */ = {
			isa = XCConfigurationList;
			buildConfigurations = (
				F54147511ED285E500F67B26 /* Debug */,
				F54147521ED285E500F67B26 /* Release */,
			);
			defaultConfigurationIsVisible = 0;
			defaultConfigurationName = Release;
		};
		F54147531ED285E500F67B26 /* Build configuration list for PBXNativeTarget "Wrench" */ = {
			isa = XCConfigurationList;
			buildConfigurations = (
				F54147541ED285E500F67B26 /* Debug */,
				F54147551ED285E500F67B26 /* Release */,
			);
			defaultConfigurationIsVisible = 0;
		};
/* End XCConfigurationList section */
	};
	rootObject = F54147341ED285E500F67B26 /* Project object */;
}
